
Microsoft Visual Studio Solution File, Format Version 12.00
# Visual Studio 2013
VisualStudioVersion = 12.0.21005.1
MinimumVisualStudioVersion = 10.0.40219.1
Project("{2150E333-8FDC-42A3-9474-1A3956D46DE8}") = "01.Client", "01.Client", "{78CBB5FD-4A1A-415D-9A13-B5B657E48D90}"
EndProject
Project("{2150E333-8FDC-42A3-9474-1A3956D46DE8}") = "03.Application", "03.Application", "{41EDC62F-492F-4542-927C-FFCA7E6CF878}"
EndProject
Project("{2150E333-8FDC-42A3-9474-1A3956D46DE8}") = "04.DomainModel", "04.DomainModel", "{D12EA2FF-3DB9-4F6A-82A1-F5051F505B33}"
EndProject
Project("{2150E333-8FDC-42A3-9474-1A3956D46DE8}") = "05.Infrastructure", "05.Infrastructure", "{46DE7B2D-7981-4F0D-ADE1-4A251E4D4113}"
EndProject
Project("{2150E333-8FDC-42A3-9474-1A3956D46DE8}") = "07.Database", "07.Database", "{B59D995B-097F-49C1-8322-4C44A311C705}"
EndProject
Project("{2150E333-8FDC-42A3-9474-1A3956D46DE8}") = "06.Tests", "06.Tests", "{5D225B3C-8834-4BA8-9421-FF8DB5F6D340}"
EndProject
Project("{2150E333-8FDC-42A3-9474-1A3956D46DE8}") = "02.Shared", "02.Shared", "{26E065DA-8AA9-4329-951A-BD5AB1FAA671}"
EndProject
Project("{FAE04EC0-301F-11D3-BF4B-00C04F79EFBC}") = "02.01.SimpleCqrs.QueryDataTransferObjects", "02.01.SimpleCqrs.QueryDataTransferObjects\02.01.SimpleCqrs.QueryDataTransferObjects.csproj", "{B3F2705A-919D-4E5D-8CD6-928489CE89DA}"
EndProject
Project("{FAE04EC0-301F-11D3-BF4B-00C04F79EFBC}") = "03.01.ApplicationServices", "03.01.ApplicationServices\03.01.ApplicationServices.csproj", "{76C2BD53-6387-49CD-AA8E-43286DF1BBE1}"
EndProject
Project("{FAE04EC0-301F-11D3-BF4B-00C04F79EFBC}") = "01.01.SimpleCQRSExample.WebApplication", "01.01.SimpleCQRSExample.WebApplication\01.01.SimpleCQRSExample.WebApplication.csproj", "{A9FE565D-375C-41CB-A91E-F5EB198F3BDB}"
EndProject
Project("{FAE04EC0-301F-11D3-BF4B-00C04F79EFBC}") = "05.01.SimpleCqrs.QueryDataAccess", "05.01.SimpleCqrs.QueryDataAccess\05.01.SimpleCqrs.QueryDataAccess.csproj", "{D7E71198-0182-4828-AA83-4852728D127B}"
EndProject
Project("{FAE04EC0-301F-11D3-BF4B-00C04F79EFBC}") = "05.02.SimpleCqrs.DomainDataAccess", "05.02.SimpleCqrs.DomainDataAccess\05.02.SimpleCqrs.DomainDataAccess.csproj", "{6D956FDE-3AAB-46F7-B792-E64E0F8E2FCA}"
EndProject
Project("{FAE04EC0-301F-11D3-BF4B-00C04F79EFBC}") = "04.01.SimpleCqrs.DomainModel", "04.01.SimpleCqrs.DomainModel\04.01.SimpleCqrs.DomainModel.csproj", "{27310637-8B81-4F79-B6AA-9168DBC92301}"
EndProject
Project("{FAE04EC0-301F-11D3-BF4B-00C04F79EFBC}") = "02.03.SimpleCqrs.DomainModelInterfaces", "02.03.SimpleCqrs.DomainModelInterfaces\02.03.SimpleCqrs.DomainModelInterfaces.csproj", "{D25E7D21-9527-4A44-AA2A-C4845CBE52B2}"
EndProject
Project("{FAE04EC0-301F-11D3-BF4B-00C04F79EFBC}") = "02.05.SimpleCqrs.DomainDataAccessInterfaces", "02.05.SimpleCqrs.DomainDataAccessInterfaces\02.05.SimpleCqrs.DomainDataAccessInterfaces.csproj", "{C15C9B1C-00C5-46B1-8E3A-37CF9E5E6FF6}"
EndProject
Project("{FAE04EC0-301F-11D3-BF4B-00C04F79EFBC}") = "02.02.SimpleCqrs.QueryDataAccessInterfaces", "02.02.SimpleCqrs.QueryDataAccessInterfaces\02.02.SimpleCqrs.QueryDataAccessInterfaces.csproj", "{B2F9C789-3359-480A-A24C-3F7F1967A75E}"
EndProject
Project("{FAE04EC0-301F-11D3-BF4B-00C04F79EFBC}") = "02.03.SimpleCqrs.DomainEntityInterfaces", "02.03.SimpleCqrs.DomainEntityInterfaces\02.03.SimpleCqrs.DomainEntityInterfaces.csproj", "{4DC6A58A-C519-41D6-B179-FB343A97D9B2}"
EndProject
Project("{00D1A9C2-B5F0-4AF3-8072-F6C62B433612}") = "07.01.SimpleCqrsDatabase", "07.01.SimpleCqrsDatabase\07.01.SimpleCqrsDatabase.sqlproj", "{7169B9B2-15E4-4EF0-8698-0BA07E3D5D5F}"
EndProject
Global
	GlobalSection(SolutionConfigurationPlatforms) = preSolution
		Debug|Any CPU = Debug|Any CPU
		Release|Any CPU = Release|Any CPU
	EndGlobalSection
	GlobalSection(ProjectConfigurationPlatforms) = postSolution
		{B3F2705A-919D-4E5D-8CD6-928489CE89DA}.Debug|Any CPU.ActiveCfg = Debug|Any CPU
		{B3F2705A-919D-4E5D-8CD6-928489CE89DA}.Debug|Any CPU.Build.0 = Debug|Any CPU
		{B3F2705A-919D-4E5D-8CD6-928489CE89DA}.Release|Any CPU.ActiveCfg = Release|Any CPU
		{B3F2705A-919D-4E5D-8CD6-928489CE89DA}.Release|Any CPU.Build.0 = Release|Any CPU
		{76C2BD53-6387-49CD-AA8E-43286DF1BBE1}.Debug|Any CPU.ActiveCfg = Debug|Any CPU
		{76C2BD53-6387-49CD-AA8E-43286DF1BBE1}.Debug|Any CPU.Build.0 = Debug|Any CPU
		{76C2BD53-6387-49CD-AA8E-43286DF1BBE1}.Release|Any CPU.ActiveCfg = Release|Any CPU
		{76C2BD53-6387-49CD-AA8E-43286DF1BBE1}.Release|Any CPU.Build.0 = Release|Any CPU
		{A9FE565D-375C-41CB-A91E-F5EB198F3BDB}.Debug|Any CPU.ActiveCfg = Debug|Any CPU
		{A9FE565D-375C-41CB-A91E-F5EB198F3BDB}.Debug|Any CPU.Build.0 = Debug|Any CPU
		{A9FE565D-375C-41CB-A91E-F5EB198F3BDB}.Release|Any CPU.ActiveCfg = Release|Any CPU
		{A9FE565D-375C-41CB-A91E-F5EB198F3BDB}.Release|Any CPU.Build.0 = Release|Any CPU
		{D7E71198-0182-4828-AA83-4852728D127B}.Debug|Any CPU.ActiveCfg = Debug|Any CPU
		{D7E71198-0182-4828-AA83-4852728D127B}.Debug|Any CPU.Build.0 = Debug|Any CPU
		{D7E71198-0182-4828-AA83-4852728D127B}.Release|Any CPU.ActiveCfg = Release|Any CPU
		{D7E71198-0182-4828-AA83-4852728D127B}.Release|Any CPU.Build.0 = Release|Any CPU
		{6D956FDE-3AAB-46F7-B792-E64E0F8E2FCA}.Debug|Any CPU.ActiveCfg = Debug|Any CPU
		{6D956FDE-3AAB-46F7-B792-E64E0F8E2FCA}.Debug|Any CPU.Build.0 = Debug|Any CPU
		{6D956FDE-3AAB-46F7-B792-E64E0F8E2FCA}.Release|Any CPU.ActiveCfg = Release|Any CPU
		{6D956FDE-3AAB-46F7-B792-E64E0F8E2FCA}.Release|Any CPU.Build.0 = Release|Any CPU
		{27310637-8B81-4F79-B6AA-9168DBC92301}.Debug|Any CPU.ActiveCfg = Debug|Any CPU
		{27310637-8B81-4F79-B6AA-9168DBC92301}.Debug|Any CPU.Build.0 = Debug|Any CPU
		{27310637-8B81-4F79-B6AA-9168DBC92301}.Release|Any CPU.ActiveCfg = Release|Any CPU
		{27310637-8B81-4F79-B6AA-9168DBC92301}.Release|Any CPU.Build.0 = Release|Any CPU
		{D25E7D21-9527-4A44-AA2A-C4845CBE52B2}.Debug|Any CPU.ActiveCfg = Debug|Any CPU
		{D25E7D21-9527-4A44-AA2A-C4845CBE52B2}.Debug|Any CPU.Build.0 = Debug|Any CPU
		{D25E7D21-9527-4A44-AA2A-C4845CBE52B2}.Release|Any CPU.ActiveCfg = Release|Any CPU
		{D25E7D21-9527-4A44-AA2A-C4845CBE52B2}.Release|Any CPU.Build.0 = Release|Any CPU
		{C15C9B1C-00C5-46B1-8E3A-37CF9E5E6FF6}.Debug|Any CPU.ActiveCfg = Debug|Any CPU
		{C15C9B1C-00C5-46B1-8E3A-37CF9E5E6FF6}.Debug|Any CPU.Build.0 = Debug|Any CPU
		{C15C9B1C-00C5-46B1-8E3A-37CF9E5E6FF6}.Release|Any CPU.ActiveCfg = Release|Any CPU
		{C15C9B1C-00C5-46B1-8E3A-37CF9E5E6FF6}.Release|Any CPU.Build.0 = Release|Any CPU
		{B2F9C789-3359-480A-A24C-3F7F1967A75E}.Debug|Any CPU.ActiveCfg = Debug|Any CPU
		{B2F9C789-3359-480A-A24C-3F7F1967A75E}.Debug|Any CPU.Build.0 = Debug|Any CPU
		{B2F9C789-3359-480A-A24C-3F7F1967A75E}.Release|Any CPU.ActiveCfg = Release|Any CPU
		{B2F9C789-3359-480A-A24C-3F7F1967A75E}.Release|Any CPU.Build.0 = Release|Any CPU
		{4DC6A58A-C519-41D6-B179-FB343A97D9B2}.Debug|Any CPU.ActiveCfg = Debug|Any CPU
		{4DC6A58A-C519-41D6-B179-FB343A97D9B2}.Debug|Any CPU.Build.0 = Debug|Any CPU
		{4DC6A58A-C519-41D6-B179-FB343A97D9B2}.Release|Any CPU.ActiveCfg = Release|Any CPU
		{4DC6A58A-C519-41D6-B179-FB343A97D9B2}.Release|Any CPU.Build.0 = Release|Any CPU
		{7169B9B2-15E4-4EF0-8698-0BA07E3D5D5F}.Debug|Any CPU.ActiveCfg = Debug|Any CPU
		{7169B9B2-15E4-4EF0-8698-0BA07E3D5D5F}.Debug|Any CPU.Build.0 = Debug|Any CPU
		{7169B9B2-15E4-4EF0-8698-0BA07E3D5D5F}.Debug|Any CPU.Deploy.0 = Debug|Any CPU
		{7169B9B2-15E4-4EF0-8698-0BA07E3D5D5F}.Release|Any CPU.ActiveCfg = Release|Any CPU
		{7169B9B2-15E4-4EF0-8698-0BA07E3D5D5F}.Release|Any CPU.Build.0 = Release|Any CPU
		{7169B9B2-15E4-4EF0-8698-0BA07E3D5D5F}.Release|Any CPU.Deploy.0 = Release|Any CPU
	EndGlobalSection
	GlobalSection(SolutionProperties) = preSolution
		HideSolutionNode = FALSE
	EndGlobalSection
	GlobalSection(NestedProjects) = preSolution
		{A9FE565D-375C-41CB-A91E-F5EB198F3BDB} = {78CBB5FD-4A1A-415D-9A13-B5B657E48D90}
		{76C2BD53-6387-49CD-AA8E-43286DF1BBE1} = {41EDC62F-492F-4542-927C-FFCA7E6CF878}
		{27310637-8B81-4F79-B6AA-9168DBC92301} = {D12EA2FF-3DB9-4F6A-82A1-F5051F505B33}
		{D7E71198-0182-4828-AA83-4852728D127B} = {46DE7B2D-7981-4F0D-ADE1-4A251E4D4113}
		{6D956FDE-3AAB-46F7-B792-E64E0F8E2FCA} = {46DE7B2D-7981-4F0D-ADE1-4A251E4D4113}
		{7169B9B2-15E4-4EF0-8698-0BA07E3D5D5F} = {B59D995B-097F-49C1-8322-4C44A311C705}
		{B3F2705A-919D-4E5D-8CD6-928489CE89DA} = {26E065DA-8AA9-4329-951A-BD5AB1FAA671}
		{D25E7D21-9527-4A44-AA2A-C4845CBE52B2} = {26E065DA-8AA9-4329-951A-BD5AB1FAA671}
		{C15C9B1C-00C5-46B1-8E3A-37CF9E5E6FF6} = {26E065DA-8AA9-4329-951A-BD5AB1FAA671}
		{B2F9C789-3359-480A-A24C-3F7F1967A75E} = {26E065DA-8AA9-4329-951A-BD5AB1FAA671}
		{4DC6A58A-C519-41D6-B179-FB343A97D9B2} = {26E065DA-8AA9-4329-951A-BD5AB1FAA671}
	EndGlobalSection
EndGlobal
